<Project xmlns="http://schemas.microsoft.com/developer/msbuild/2003">
    <PropertyGroup>
        <ProjectGuid>{BE5A6814-0406-4CC8-B69D-937068A3D772}</ProjectGuid>
        <ProjectVersion>20.3</ProjectVersion>
        <FrameworkType>None</FrameworkType>
        <Base>True</Base>
        <Config Condition="'$(Config)'==''">Debug</Config>
        <Platform Condition="'$(Platform)'==''">Win64</Platform>
        <ProjectName Condition="'$(ProjectName)'==''">tyro</ProjectName>
        <TargetedPlatforms>3</TargetedPlatforms>
        <AppType>Console</AppType>
        <MainSource>tyro.dpr</MainSource>
    </PropertyGroup>
    <PropertyGroup Condition="'$(Config)'=='Base' or '$(Base)'!=''">
        <Base>true</Base>
    </PropertyGroup>
    <PropertyGroup Condition="('$(Platform)'=='Linux64' and '$(Base)'=='true') or '$(Base_Linux64)'!=''">
        <Base_Linux64>true</Base_Linux64>
        <CfgParent>Base</CfgParent>
        <Base>true</Base>
    </PropertyGroup>
    <PropertyGroup Condition="('$(Platform)'=='Win32' and '$(Base)'=='true') or '$(Base_Win32)'!=''">
        <Base_Win32>true</Base_Win32>
        <CfgParent>Base</CfgParent>
        <Base>true</Base>
    </PropertyGroup>
    <PropertyGroup Condition="('$(Platform)'=='Win64' and '$(Base)'=='true') or '$(Base_Win64)'!=''">
        <Base_Win64>true</Base_Win64>
        <CfgParent>Base</CfgParent>
        <Base>true</Base>
    </PropertyGroup>
    <PropertyGroup Condition="'$(Config)'=='Debug' or '$(Cfg_1)'!=''">
        <Cfg_1>true</Cfg_1>
        <CfgParent>Base</CfgParent>
        <Base>true</Base>
    </PropertyGroup>
    <PropertyGroup Condition="('$(Platform)'=='Win32' and '$(Cfg_1)'=='true') or '$(Cfg_1_Win32)'!=''">
        <Cfg_1_Win32>true</Cfg_1_Win32>
        <CfgParent>Cfg_1</CfgParent>
        <Cfg_1>true</Cfg_1>
        <Base>true</Base>
    </PropertyGroup>
    <PropertyGroup Condition="('$(Platform)'=='Win64' and '$(Cfg_1)'=='true') or '$(Cfg_1_Win64)'!=''">
        <Cfg_1_Win64>true</Cfg_1_Win64>
        <CfgParent>Cfg_1</CfgParent>
        <Cfg_1>true</Cfg_1>
        <Base>true</Base>
    </PropertyGroup>
    <PropertyGroup Condition="'$(Config)'=='Release' or '$(Cfg_2)'!=''">
        <Cfg_2>true</Cfg_2>
        <CfgParent>Base</CfgParent>
        <Base>true</Base>
    </PropertyGroup>
    <PropertyGroup Condition="('$(Platform)'=='Win64' and '$(Cfg_2)'=='true') or '$(Cfg_2_Win64)'!=''">
        <Cfg_2_Win64>true</Cfg_2_Win64>
        <CfgParent>Cfg_2</CfgParent>
        <Cfg_2>true</Cfg_2>
        <Base>true</Base>
    </PropertyGroup>
    <PropertyGroup Condition="'$(Base)'!=''">
        <DCC_DcuOutput>.\$(Platform)\$(Config)</DCC_DcuOutput>
        <DCC_ExeOutput>.\$(Platform)\$(Config)</DCC_ExeOutput>
        <DCC_E>false</DCC_E>
        <DCC_N>false</DCC_N>
        <DCC_S>false</DCC_S>
        <DCC_F>false</DCC_F>
        <DCC_K>false</DCC_K>
        <DCC_Namespace>System;Xml;Data;Datasnap;Web;Soap;$(DCC_Namespace)</DCC_Namespace>
        <SanitizedProjectName>tyro</SanitizedProjectName>
        <DCC_UnitSearchPath>raylib;lua;tyrolib;$(DCC_UnitSearchPath)</DCC_UnitSearchPath>
        <VerInfo_Locale>10241</VerInfo_Locale>
        <VerInfo_Keys>CompanyName=;FileDescription=$(MSBuildProjectName);FileVersion=1.0.0.0;InternalName=;LegalCopyright=;LegalTrademarks=;OriginalFilename=;ProgramID=com.embarcadero.$(MSBuildProjectName);ProductName=$(MSBuildProjectName);ProductVersion=1.0.0.0;Comments=</VerInfo_Keys>
    </PropertyGroup>
    <PropertyGroup Condition="'$(Base_Linux64)'!=''">
        <DCC_UsePackage>DataSnapServer;fmx;dxDockingRS27;DbxCommonDriver;bindengine;FireDACCommonODBC;emsclient;IndyProtocols;dbxcds;prmLib;FireDACSqliteDriver;DbxClientDriver;soapmidas;dbexpress;inet;CustomIPTransport;FireDACMSSQLDriver;IndySystem;FireDACCommon;DataSnapServerMidas;FireDACODBCDriver;emsserverresource;rtl;FireDACMySQLDriver;DataSnapFireDAC;FireDAC;xmlrtl;dsnap;FireDACDb2Driver;DataSnapNativeClient;DatasnapConnectorsFreePascal;emshosting;FireDACCommonDriver;emsedge;bindcompfmx;dxRibbonRS27;inetdb;FireDACASADriver;fmxFireDAC;FireDACInfxDriver;DataSnapCommon;dbrtl;FireDACOracleDriver;DataSnapIndy10ServerTransport;DataSnapConnectors;FireDACMongoDBDriver;FireDACTDataDriver;bindcomp;cxLibraryRS27;inetstn;IndyCore;RESTBackendComponents;FireDACADSDriver;RESTComponents;dsnapxml;DataSnapClient;emsclientfiredac;FireDACPgDriver;CloudService;soaprtl;soapserver;FireDACIBDriver;$(DCC_UsePackage)</DCC_UsePackage>
    </PropertyGroup>
    <PropertyGroup Condition="'$(Base_Win32)'!=''">
        <DCC_UsePackage>vclwinx;DataSnapServer;fmx;dxDockingRS27;vclie;DbxCommonDriver;bindengine;IndyIPCommon;VCLRESTComponents;DBXMSSQLDriver;FireDACCommonODBC;emsclient;IndyProtocols;vclx;Skia.Package.RTL;dxGDIPlusRS27;dbxcds;vcledge;FmxTeeUI;prmLib;DBXFirebirdDriver;SynEdit_R;FireDACSqliteDriver;DbxClientDriver;zkLib;soapmidas;TeeUI;dbexpress;dxSkinsCoreRS27;inet;vcltouch;dxRibbonCustomizationFormRS27;FireDACDBXDriver;fmxdae;CustomIPTransport;FireDACMSSQLDriver;IndySystem;dxComnRS27;dxSpreadSheetRS27;vclFireDAC;FireDACCommon;DataSnapServerMidas;FireDACODBCDriver;emsserverresource;bindcompdbx;mapLib;rtl;FireDACMySQLDriver;DBXSqliteDriver;tbx_d7;DBXSybaseASEDriver;cxExportRS27;vclimg;DataSnapFireDAC;inetdbxpress;FireDAC;xmlrtl;dsnap;FireDACDb2Driver;DBXOracleDriver;DBXInformixDriver;fmxobj;bindcompvclsmp;DataSnapNativeClient;dxCoreRS27;DatasnapConnectorsFreePascal;prmDBLib;emshosting;dxSpreadSheetCoreRS27;FireDACCommonDriver;IndyIPClient;bindcompvclwinx;emsedge;bindcompfmx;dxRibbonRS27;inetdb;FireDACASADriver;Tee;dxSpreadSheetCoreDialogsRS27;vclactnband;fmxFireDAC;FireDACInfxDriver;DBXMySQLDriver;prmCore;VclSmp;DataSnapCommon;fmxase;DBXOdbcDriver;dbrtl;FireDACOracleDriver;Skia.Package.FMX;dxBarRS27;TeeDB;FireDACMSAccDriver;DataSnapIndy10ServerTransport;DataSnapConnectors;vcldsnap;DBXInterBaseDriver;POSGuiLib;FireDACMongoDBDriver;FireDACTDataDriver;Skia.Package.VCL;vcldb;dxGaugeControlRS27;tb2k_d7;dxBarExtItemsRS27;bindcomp;cxLibraryRS27;inetstn;IndyCore;RESTBackendComponents;cxTreeListRS27;FireDACADSDriver;RESTComponents;IndyIPServer;vcl;dsnapxml;adortl;dsnapcon;DataSnapClient;DataSnapProviderClient;prmReportsCore;DBXDb2Driver;emsclientfiredac;FireDACPgDriver;FireDACDSDriver;tethering;bindcompvcl;POSLib;CloudService;DBXSybaseASADriver;prmReportsDesign;MiniCommonsLib;FMXTee;soaprtl;soapserver;FireDACIBDriver;$(DCC_UsePackage)</DCC_UsePackage>
        <DCC_Namespace>Winapi;System.Win;Data.Win;Datasnap.Win;Web.Win;Soap.Win;Xml.Win;Bde;$(DCC_Namespace)</DCC_Namespace>
        <BT_BuildType>Debug</BT_BuildType>
        <VerInfo_Locale>1033</VerInfo_Locale>
        <UWP_DelphiLogo44>$(BDS)\bin\Artwork\Windows\UWP\delphi_UwpDefault_44.png</UWP_DelphiLogo44>
        <Manifest_File>(None)</Manifest_File>
        <UWP_DelphiLogo150>$(BDS)\bin\Artwork\Windows\UWP\delphi_UwpDefault_150.png</UWP_DelphiLogo150>
        <AppDPIAwarenessMode>none</AppDPIAwarenessMode>
    </PropertyGroup>
    <PropertyGroup Condition="'$(Base_Win64)'!=''">
        <DCC_UsePackage>vclwinx;DataSnapServer;fmx;vclie;DbxCommonDriver;bindengine;IndyIPCommon;VCLRESTComponents;DBXMSSQLDriver;FireDACCommonODBC;emsclient;IndyProtocols;vclx;dxGDIPlusRS27;dbxcds;vcledge;FmxTeeUI;DBXFirebirdDriver;SynEdit_R;FireDACSqliteDriver;DbxClientDriver;soapmidas;TeeUI;dbexpress;dxSkinsCoreRS27;inet;vcltouch;dxRibbonCustomizationFormRS27;FireDACDBXDriver;fmxdae;CustomIPTransport;FireDACMSSQLDriver;IndySystem;dxComnRS27;dxSpreadSheetRS27;vclFireDAC;FireDACCommon;DataSnapServerMidas;FireDACODBCDriver;emsserverresource;bindcompdbx;rtl;FireDACMySQLDriver;DBXSqliteDriver;DBXSybaseASEDriver;cxExportRS27;vclimg;DataSnapFireDAC;inetdbxpress;FireDAC;xmlrtl;dsnap;FireDACDb2Driver;DBXOracleDriver;DBXInformixDriver;fmxobj;bindcompvclsmp;DataSnapNativeClient;dxCoreRS27;DatasnapConnectorsFreePascal;emshosting;dxSpreadSheetCoreRS27;FireDACCommonDriver;IndyIPClient;bindcompvclwinx;emsedge;bindcompfmx;inetdb;FireDACASADriver;Tee;dxSpreadSheetCoreDialogsRS27;vclactnband;fmxFireDAC;FireDACInfxDriver;DBXMySQLDriver;VclSmp;DataSnapCommon;fmxase;DBXOdbcDriver;dbrtl;FireDACOracleDriver;dxBarRS27;TeeDB;FireDACMSAccDriver;DataSnapIndy10ServerTransport;DataSnapConnectors;vcldsnap;DBXInterBaseDriver;FireDACMongoDBDriver;FireDACTDataDriver;Skia.Package.VCL;vcldb;dxGaugeControlRS27;dxBarExtItemsRS27;bindcomp;inetstn;IndyCore;RESTBackendComponents;cxTreeListRS27;FireDACADSDriver;RESTComponents;IndyIPServer;vcl;dsnapxml;adortl;dsnapcon;DataSnapClient;DataSnapProviderClient;DBXDb2Driver;emsclientfiredac;FireDACPgDriver;FireDACDSDriver;tethering;bindcompvcl;CloudService;DBXSybaseASADriver;FMXTee;soaprtl;soapserver;FireDACIBDriver;$(DCC_UsePackage)</DCC_UsePackage>
        <UWP_DelphiLogo44>$(BDS)\bin\Artwork\Windows\UWP\delphi_UwpDefault_44.png</UWP_DelphiLogo44>
        <UWP_DelphiLogo150>$(BDS)\bin\Artwork\Windows\UWP\delphi_UwpDefault_150.png</UWP_DelphiLogo150>
        <DCC_Namespace>Winapi;System.Win;Data.Win;Datasnap.Win;Web.Win;Soap.Win;Xml.Win;$(DCC_Namespace)</DCC_Namespace>
        <BT_BuildType>Debug</BT_BuildType>
        <VerInfo_IncludeVerInfo>true</VerInfo_IncludeVerInfo>
        <VerInfo_Locale>1033</VerInfo_Locale>
        <AppDPIAwarenessMode>none</AppDPIAwarenessMode>
        <Manifest_File>$(BDS)\bin\default_app.manifest</Manifest_File>
        <Debugger_RunParams>-w -c</Debugger_RunParams>
    </PropertyGroup>
    <PropertyGroup Condition="'$(Cfg_1)'!=''">
        <DCC_Define>DEBUG;$(DCC_Define)</DCC_Define>
        <DCC_DebugDCUs>true</DCC_DebugDCUs>
        <DCC_Optimize>false</DCC_Optimize>
        <DCC_GenerateStackFrames>true</DCC_GenerateStackFrames>
        <DCC_RemoteDebug>true</DCC_RemoteDebug>
        <DCC_IntegerOverflowCheck>true</DCC_IntegerOverflowCheck>
        <DCC_RangeChecking>true</DCC_RangeChecking>
        <DCC_DebugInfoInExe>true</DCC_DebugInfoInExe>
    </PropertyGroup>
    <PropertyGroup Condition="'$(Cfg_1_Win32)'!=''">
        <VerInfo_Locale>1033</VerInfo_Locale>
        <Manifest_File>(None)</Manifest_File>
        <AppDPIAwarenessMode>none</AppDPIAwarenessMode>
    </PropertyGroup>
    <PropertyGroup Condition="'$(Cfg_1_Win64)'!=''">
        <AppDPIAwarenessMode>PerMonitorV2</AppDPIAwarenessMode>
        <VerInfo_IncludeVerInfo>true</VerInfo_IncludeVerInfo>
        <VerInfo_Locale>1033</VerInfo_Locale>
        <DCC_ExeOutput>..\bin</DCC_ExeOutput>
        <Debugger_RunParams>&quot;D:\lab\pascal\tyro\demos\t.tyro&quot;</Debugger_RunParams>
        <DCC_DUPLICATE_CTOR_DTOR>false</DCC_DUPLICATE_CTOR_DTOR>
    </PropertyGroup>
    <PropertyGroup Condition="'$(Cfg_2)'!=''">
        <DCC_LocalDebugSymbols>false</DCC_LocalDebugSymbols>
        <DCC_Define>RELEASE;$(DCC_Define)</DCC_Define>
        <DCC_SymbolReferenceInfo>0</DCC_SymbolReferenceInfo>
        <DCC_DebugInformation>0</DCC_DebugInformation>
    </PropertyGroup>
    <PropertyGroup Condition="'$(Cfg_2_Win64)'!=''">
        <AppDPIAwarenessMode>PerMonitorV2</AppDPIAwarenessMode>
    </PropertyGroup>
    <ItemGroup>
        <DelphiCompile Include="$(MainSource)">
            <MainSource>MainSource</MainSource>
        </DelphiCompile>
        <BuildConfiguration Include="Base">
            <Key>Base</Key>
        </BuildConfiguration>
        <BuildConfiguration Include="Debug">
            <Key>Cfg_1</Key>
            <CfgParent>Base</CfgParent>
        </BuildConfiguration>
        <BuildConfiguration Include="Release">
            <Key>Cfg_2</Key>
            <CfgParent>Base</CfgParent>
        </BuildConfiguration>
    </ItemGroup>
    <ProjectExtensions>
        <Borland.Personality>Delphi.Personality.12</Borland.Personality>
        <Borland.ProjectType>Application</Borland.ProjectType>
        <BorlandProject>
            <Delphi.Personality>
                <Source>
                    <Source Name="MainSource">tyro.dpr</Source>
                </Source>
                <Excluded_Packages/>
            </Delphi.Personality>
            <Deployment Version="5"/>
            <Platforms>
                <Platform value="Linux64">False</Platform>
                <Platform value="Win32">True</Platform>
                <Platform value="Win64">True</Platform>
            </Platforms>
        </BorlandProject>
        <ProjectFileVersion>12</ProjectFileVersion>
    </ProjectExtensions>
    <Import Project="$(BDS)\Bin\CodeGear.Delphi.Targets" Condition="Exists('$(BDS)\Bin\CodeGear.Delphi.Targets')"/>
    <Import Project="$(APPDATA)\Embarcadero\$(BDSAPPDATABASEDIR)\$(PRODUCTVERSION)\UserTools.proj" Condition="Exists('$(APPDATA)\Embarcadero\$(BDSAPPDATABASEDIR)\$(PRODUCTVERSION)\UserTools.proj')"/>
    <Import Project="$(MSBuildProjectName).deployproj" Condition="Exists('$(MSBuildProjectName).deployproj')"/>
</Project>
